
Microsoft Visual Studio Solution File, Format Version 12.00
# Visual Studio Version 16
VisualStudioVersion = 16.0.31911.196
MinimumVisualStudioVersion = 10.0.40219.1
Project("{FAE04EC0-301F-11D3-BF4B-00C04F79EFBC}") = "gitwebapp", "gitwebapp\gitwebapp.csproj", "{32026BEA-BDE5-4102-937D-D74C88EA91FF}"
EndProject
Global
	GlobalSection(SolutionConfigurationPlatforms) = preSolution
		Debug|Any CPU = Debug|Any CPU
		Release|Any CPU = Release|Any CPU
	EndGlobalSection
	GlobalSection(ProjectConfigurationPlatforms) = postSolution
		{32026BEA-BDE5-4102-937D-D74C88EA91FF}.Debug|Any CPU.ActiveCfg = Debug|Any CPU
		{32026BEA-BDE5-4102-937D-D74C88EA91FF}.Debug|Any CPU.Build.0 = Debug|Any CPU
		{32026BEA-BDE5-4102-937D-D74C88EA91FF}.Release|Any CPU.ActiveCfg = Release|Any CPU
		{32026BEA-BDE5-4102-937D-D74C88EA91FF}.Release|Any CPU.Build.0 = Release|Any CPU
	EndGlobalSection
	GlobalSection(SolutionProperties) = preSolution
		HideSolutionNode = FALSE
	EndGlobalSection
	GlobalSection(ExtensibilityGlobals) = postSolution
		SolutionGuid = {E8C24808-4F01-4D4D-8DAA-A4CA5EF799E7}
	EndGlobalSection
EndGlobal
